
Microsoft Visual Studio Solution File, Format Version 12.00
# Visual Studio Version 17
VisualStudioVersion = 17.14.36705.20 d17.14
MinimumVisualStudioVersion = 10.0.40219.1
Project("{FAE04EC0-301F-11D3-BF4B-00C04F79EFBC}") = "DungeonExplorerBackend", "DungeonExplorerBackend.csproj", "{4B809DAE-AC77-43B1-BA11-06895F49B1D7}"
EndProject
Project("{FAE04EC0-301F-11D3-BF4B-00C04F79EFBC}") = "Tests", "..\Tests\Tests.csproj", "{430486BC-CD3E-41EF-B0CE-90C5C0A17593}"
EndProject
Global
	GlobalSection(SolutionConfigurationPlatforms) = preSolution
		Debug|Any CPU = Debug|Any CPU
		Release|Any CPU = Release|Any CPU
	EndGlobalSection
	GlobalSection(ProjectConfigurationPlatforms) = postSolution
		{4B809DAE-AC77-43B1-BA11-06895F49B1D7}.Debug|Any CPU.ActiveCfg = Debug|Any CPU
		{4B809DAE-AC77-43B1-BA11-06895F49B1D7}.Debug|Any CPU.Build.0 = Debug|Any CPU
		{4B809DAE-AC77-43B1-BA11-06895F49B1D7}.Release|Any CPU.ActiveCfg = Release|Any CPU
		{4B809DAE-AC77-43B1-BA11-06895F49B1D7}.Release|Any CPU.Build.0 = Release|Any CPU
		{430486BC-CD3E-41EF-B0CE-90C5C0A17593}.Debug|Any CPU.ActiveCfg = Debug|Any CPU
		{430486BC-CD3E-41EF-B0CE-90C5C0A17593}.Debug|Any CPU.Build.0 = Debug|Any CPU
		{430486BC-CD3E-41EF-B0CE-90C5C0A17593}.Release|Any CPU.ActiveCfg = Release|Any CPU
		{430486BC-CD3E-41EF-B0CE-90C5C0A17593}.Release|Any CPU.Build.0 = Release|Any CPU
	EndGlobalSection
	GlobalSection(SolutionProperties) = preSolution
		HideSolutionNode = FALSE
	EndGlobalSection
	GlobalSection(ExtensibilityGlobals) = postSolution
		SolutionGuid = {0147A611-F003-4E1A-B015-18587C3E00A9}
	EndGlobalSection
EndGlobal
